
Microsoft Visual Studio Solution File, Format Version 12.00
# Visual Studio Version 17
VisualStudioVersion = 17.5.33530.505
MinimumVisualStudioVersion = 10.0.40219.1
Project("{FAE04EC0-301F-11D3-BF4B-00C04F79EFBC}") = "RestSimpleServer", "RestSimpleServer.csproj", "{24DCFF23-EF2B-44AC-94D8-BB6B1ADCBEF6}"
EndProject
Project("{9A19103F-16F7-4668-BE54-9A1E7A4F7556}") = "RequestSimulator", "..\RequestSimulator\RequestSimulator.csproj", "{36073049-5578-4C72-B315-A3D38078ABD6}"
EndProject
Global
	GlobalSection(SolutionConfigurationPlatforms) = preSolution
		Debug|Any CPU = Debug|Any CPU
		Release|Any CPU = Release|Any CPU
	EndGlobalSection
	GlobalSection(ProjectConfigurationPlatforms) = postSolution
		{24DCFF23-EF2B-44AC-94D8-BB6B1ADCBEF6}.Debug|Any CPU.ActiveCfg = Debug|Any CPU
		{24DCFF23-EF2B-44AC-94D8-BB6B1ADCBEF6}.Debug|Any CPU.Build.0 = Debug|Any CPU
		{24DCFF23-EF2B-44AC-94D8-BB6B1ADCBEF6}.Release|Any CPU.ActiveCfg = Release|Any CPU
		{24DCFF23-EF2B-44AC-94D8-BB6B1ADCBEF6}.Release|Any CPU.Build.0 = Release|Any CPU
		{36073049-5578-4C72-B315-A3D38078ABD6}.Debug|Any CPU.ActiveCfg = Debug|Any CPU
		{36073049-5578-4C72-B315-A3D38078ABD6}.Debug|Any CPU.Build.0 = Debug|Any CPU
		{36073049-5578-4C72-B315-A3D38078ABD6}.Release|Any CPU.ActiveCfg = Release|Any CPU
		{36073049-5578-4C72-B315-A3D38078ABD6}.Release|Any CPU.Build.0 = Release|Any CPU
	EndGlobalSection
	GlobalSection(SolutionProperties) = preSolution
		HideSolutionNode = FALSE
	EndGlobalSection
	GlobalSection(ExtensibilityGlobals) = postSolution
		SolutionGuid = {A8D95E0A-B5BD-4E60-90E3-AB9E2B15606D}
	EndGlobalSection
EndGlobal
